
Microsoft Visual Studio Solution File, Format Version 12.00
# Visual Studio Version 17
VisualStudioVersion = 17.4.33122.133
MinimumVisualStudioVersion = 10.0.40219.1
Project("{FAE04EC0-301F-11D3-BF4B-00C04F79EFBC}") = "dom6zad1", "dom6zad1\dom6zad1.csproj", "{48E1039B-5AB1-4015-BBB2-0A167D40DAAD}"
EndProject
Global
	GlobalSection(SolutionConfigurationPlatforms) = preSolution
		Debug|Any CPU = Debug|Any CPU
		Release|Any CPU = Release|Any CPU
	EndGlobalSection
	GlobalSection(ProjectConfigurationPlatforms) = postSolution
		{48E1039B-5AB1-4015-BBB2-0A167D40DAAD}.Debug|Any CPU.ActiveCfg = Debug|Any CPU
		{48E1039B-5AB1-4015-BBB2-0A167D40DAAD}.Debug|Any CPU.Build.0 = Debug|Any CPU
		{48E1039B-5AB1-4015-BBB2-0A167D40DAAD}.Release|Any CPU.ActiveCfg = Release|Any CPU
		{48E1039B-5AB1-4015-BBB2-0A167D40DAAD}.Release|Any CPU.Build.0 = Release|Any CPU
	EndGlobalSection
	GlobalSection(SolutionProperties) = preSolution
		HideSolutionNode = FALSE
	EndGlobalSection
	GlobalSection(ExtensibilityGlobals) = postSolution
		SolutionGuid = {5A544A51-085E-4738-B904-9AD51CAAB22D}
	EndGlobalSection
EndGlobal
