
Microsoft Visual Studio Solution File, Format Version 12.00
# Visual Studio Version 17
VisualStudioVersion = 17.4.33122.133
MinimumVisualStudioVersion = 10.0.40219.1
Project("{FAE04EC0-301F-11D3-BF4B-00C04F79EFBC}") = "kon2.zad2", "kon2.zad2.\kon2.zad2.csproj", "{003D161D-1EDF-4701-8AFD-F8CEA882C894}"
EndProject
Global
	GlobalSection(SolutionConfigurationPlatforms) = preSolution
		Debug|Any CPU = Debug|Any CPU
		Release|Any CPU = Release|Any CPU
	EndGlobalSection
	GlobalSection(ProjectConfigurationPlatforms) = postSolution
		{003D161D-1EDF-4701-8AFD-F8CEA882C894}.Debug|Any CPU.ActiveCfg = Debug|Any CPU
		{003D161D-1EDF-4701-8AFD-F8CEA882C894}.Debug|Any CPU.Build.0 = Debug|Any CPU
		{003D161D-1EDF-4701-8AFD-F8CEA882C894}.Release|Any CPU.ActiveCfg = Release|Any CPU
		{003D161D-1EDF-4701-8AFD-F8CEA882C894}.Release|Any CPU.Build.0 = Release|Any CPU
	EndGlobalSection
	GlobalSection(SolutionProperties) = preSolution
		HideSolutionNode = FALSE
	EndGlobalSection
	GlobalSection(ExtensibilityGlobals) = postSolution
		SolutionGuid = {61FB4489-6293-43E5-99AA-F0E669030FD7}
	EndGlobalSection
EndGlobal
