
Microsoft Visual Studio Solution File, Format Version 12.00
# Visual Studio Version 17
VisualStudioVersion = 17.4.33122.133
MinimumVisualStudioVersion = 10.0.40219.1
Project("{FAE04EC0-301F-11D3-BF4B-00C04F79EFBC}") = "kontrolno1.zad.1", "kontrolno1.zad.1\kontrolno1.zad.1.csproj", "{C325EA28-28F4-4A9F-8BEB-FFE18366635B}"
EndProject
Global
	GlobalSection(SolutionConfigurationPlatforms) = preSolution
		Debug|Any CPU = Debug|Any CPU
		Release|Any CPU = Release|Any CPU
	EndGlobalSection
	GlobalSection(ProjectConfigurationPlatforms) = postSolution
		{C325EA28-28F4-4A9F-8BEB-FFE18366635B}.Debug|Any CPU.ActiveCfg = Debug|Any CPU
		{C325EA28-28F4-4A9F-8BEB-FFE18366635B}.Debug|Any CPU.Build.0 = Debug|Any CPU
		{C325EA28-28F4-4A9F-8BEB-FFE18366635B}.Release|Any CPU.ActiveCfg = Release|Any CPU
		{C325EA28-28F4-4A9F-8BEB-FFE18366635B}.Release|Any CPU.Build.0 = Release|Any CPU
	EndGlobalSection
	GlobalSection(SolutionProperties) = preSolution
		HideSolutionNode = FALSE
	EndGlobalSection
	GlobalSection(ExtensibilityGlobals) = postSolution
		SolutionGuid = {7CFBF76D-ED9C-4A3B-9BB1-4FD734F5EC97}
	EndGlobalSection
EndGlobal
