
Microsoft Visual Studio Solution File, Format Version 12.00
# Visual Studio Version 17
VisualStudioVersion = 17.4.33122.133
MinimumVisualStudioVersion = 10.0.40219.1
Project("{FAE04EC0-301F-11D3-BF4B-00C04F79EFBC}") = "ConsoleApp4", "ConsoleApp4\ConsoleApp4.csproj", "{D6BF4D44-A30C-4CF9-A8C5-096871A8C3C4}"
EndProject
Global
	GlobalSection(SolutionConfigurationPlatforms) = preSolution
		Debug|Any CPU = Debug|Any CPU
		Release|Any CPU = Release|Any CPU
	EndGlobalSection
	GlobalSection(ProjectConfigurationPlatforms) = postSolution
		{D6BF4D44-A30C-4CF9-A8C5-096871A8C3C4}.Debug|Any CPU.ActiveCfg = Debug|Any CPU
		{D6BF4D44-A30C-4CF9-A8C5-096871A8C3C4}.Debug|Any CPU.Build.0 = Debug|Any CPU
		{D6BF4D44-A30C-4CF9-A8C5-096871A8C3C4}.Release|Any CPU.ActiveCfg = Release|Any CPU
		{D6BF4D44-A30C-4CF9-A8C5-096871A8C3C4}.Release|Any CPU.Build.0 = Release|Any CPU
	EndGlobalSection
	GlobalSection(SolutionProperties) = preSolution
		HideSolutionNode = FALSE
	EndGlobalSection
	GlobalSection(ExtensibilityGlobals) = postSolution
		SolutionGuid = {F994EFF3-06CD-441E-9257-82B3F6FEAAB7}
	EndGlobalSection
EndGlobal
