
Microsoft Visual Studio Solution File, Format Version 12.00
# Visual Studio Version 17
VisualStudioVersion = 17.4.33122.133
MinimumVisualStudioVersion = 10.0.40219.1
Project("{FAE04EC0-301F-11D3-BF4B-00C04F79EFBC}") = "kont.zad1", "kont.zad1\kont.zad1.csproj", "{96E8E057-27D6-44FD-92AD-41808C7BA572}"
EndProject
Global
	GlobalSection(SolutionConfigurationPlatforms) = preSolution
		Debug|Any CPU = Debug|Any CPU
		Release|Any CPU = Release|Any CPU
	EndGlobalSection
	GlobalSection(ProjectConfigurationPlatforms) = postSolution
		{96E8E057-27D6-44FD-92AD-41808C7BA572}.Debug|Any CPU.ActiveCfg = Debug|Any CPU
		{96E8E057-27D6-44FD-92AD-41808C7BA572}.Debug|Any CPU.Build.0 = Debug|Any CPU
		{96E8E057-27D6-44FD-92AD-41808C7BA572}.Release|Any CPU.ActiveCfg = Release|Any CPU
		{96E8E057-27D6-44FD-92AD-41808C7BA572}.Release|Any CPU.Build.0 = Release|Any CPU
	EndGlobalSection
	GlobalSection(SolutionProperties) = preSolution
		HideSolutionNode = FALSE
	EndGlobalSection
	GlobalSection(ExtensibilityGlobals) = postSolution
		SolutionGuid = {035BF570-2C91-491B-A689-FD79615EEE89}
	EndGlobalSection
EndGlobal
