
Microsoft Visual Studio Solution File, Format Version 12.00
# Visual Studio Version 17
VisualStudioVersion = 17.4.33122.133
MinimumVisualStudioVersion = 10.0.40219.1
Project("{FAE04EC0-301F-11D3-BF4B-00C04F79EFBC}") = "dom5.3", "dom5.3\dom5.3.csproj", "{0F5F6E10-A01F-4947-B7A9-E0F7CBC6B9ED}"
EndProject
Global
	GlobalSection(SolutionConfigurationPlatforms) = preSolution
		Debug|Any CPU = Debug|Any CPU
		Release|Any CPU = Release|Any CPU
	EndGlobalSection
	GlobalSection(ProjectConfigurationPlatforms) = postSolution
		{0F5F6E10-A01F-4947-B7A9-E0F7CBC6B9ED}.Debug|Any CPU.ActiveCfg = Debug|Any CPU
		{0F5F6E10-A01F-4947-B7A9-E0F7CBC6B9ED}.Debug|Any CPU.Build.0 = Debug|Any CPU
		{0F5F6E10-A01F-4947-B7A9-E0F7CBC6B9ED}.Release|Any CPU.ActiveCfg = Release|Any CPU
		{0F5F6E10-A01F-4947-B7A9-E0F7CBC6B9ED}.Release|Any CPU.Build.0 = Release|Any CPU
	EndGlobalSection
	GlobalSection(SolutionProperties) = preSolution
		HideSolutionNode = FALSE
	EndGlobalSection
	GlobalSection(ExtensibilityGlobals) = postSolution
		SolutionGuid = {FA0F0675-9A37-41B6-A3EB-51D5C5E34ED9}
	EndGlobalSection
EndGlobal
